{
  "version": 4,
  "terraform_version": "1.4.6",
  "serial": 11,
  "lineage": "09652245-f222-a90e-3ba6-fa8183d15191",
  "outputs": {},
  "resources": [
    {
      "mode": "data",
      "type": "newrelic_entity",
      "name": "app",
      "provider": "provider[\"registry.terraform.io/newrelic/newrelic\"]",
      "instances": [
        {
          "schema_version": 0,
          "attributes": {
            "account_id": 3826875,
            "application_id": 569467554,
            "domain": "APM",
            "guid": "MzgyNjg3NXxBUE18QVBQTElDQVRJT058NTY5NDY3NTU0",
            "id": "MzgyNjg3NXxBUE18QVBQTElDQVRJT058NTY5NDY3NTU0",
            "ignore_case": false,
            "name": "FoodME",
            "serving_apm_application_id": null,
            "tag": null,
            "type": "APPLICATION"
          },
          "sensitive_attributes": []
        }
      ]
    },
    {
      "mode": "managed",
      "type": "newrelic_alert_condition",
      "name": "FoodME_alert_policy",
      "provider": "provider[\"registry.terraform.io/newrelic/newrelic\"]",
      "instances": [
        {
          "schema_version": 0,
          "attributes": {
            "condition_scope": "application",
            "enabled": true,
            "entities": [
              569467554
            ],
            "entity_guid": "MzgyNjg3NXxBSU9QU3xDT05ESVRJT058MzIzOTc4NzA",
            "gc_metric": "",
            "id": "4373233:32397870",
            "metric": "apdex",
            "name": "Sample condition",
            "policy_id": 4373233,
            "runbook_url": "",
            "term": [
              {
                "duration": 5,
                "operator": "below",
                "priority": "critical",
                "threshold": 0.75,
                "time_function": "all"
              }
            ],
            "type": "apm_app_metric",
            "user_defined_metric": "",
            "user_defined_value_function": "",
            "violation_close_timer": 0
          },
          "sensitive_attributes": [],
          "private": "bnVsbA==",
          "dependencies": [
            "data.newrelic_entity.app",
            "newrelic_alert_policy.FoodME_alert_policy"
          ]
        }
      ]
    },
    {
      "mode": "managed",
      "type": "newrelic_alert_policy",
      "name": "FoodME_alert_policy",
      "provider": "provider[\"registry.terraform.io/newrelic/newrelic\"]",
      "instances": [
        {
          "schema_version": 0,
          "attributes": {
            "account_id": 3826875,
            "channel_ids": null,
            "id": "4373233",
            "incident_preference": "PER_POLICY",
            "name": "Sample alert policy"
          },
          "sensitive_attributes": [],
          "private": "bnVsbA=="
        }
      ]
    },
    {
      "mode": "managed",
      "type": "newrelic_notification_destination",
      "name": "service_pd_dest",
      "provider": "provider[\"registry.terraform.io/newrelic/newrelic\"]",
      "instances": [
        {
          "schema_version": 1,
          "attributes": {
            "account_id": 3826875,
            "active": true,
            "auth_basic": [],
            "auth_token": [
              {
                "prefix": "Bearer",
                "token": "y_NbAkKc66ryYTWUXYEu"
              }
            ],
            "id": "bc09fbf5-19cb-4399-ac43-deb9d6c61e18",
            "last_sent": "",
            "name": "TEST: my sample PD Dest",
            "property": [
              {
                "display_value": "",
                "key": "source",
                "label": "terraform-source-internal",
                "value": "terraform"
              },
              {
                "display_value": "",
                "key": "two_way_integration",
                "label": "",
                "value": "true"
              }
            ],
            "status": "DEFAULT",
            "type": "PAGERDUTY_ACCOUNT_INTEGRATION"
          },
          "sensitive_attributes": [],
          "private": "eyJzY2hlbWFfdmVyc2lvbiI6IjEifQ=="
        }
      ]
    },
    {
      "mode": "managed",
      "type": "newrelic_workflow",
      "name": "sample_run_workflow",
      "provider": "provider[\"registry.terraform.io/newrelic/newrelic\"]",
      "instances": []
    }
  ],
  "check_results": null
}
